<?xml version="1.0" encoding="UTF-8" standalone="yes" ?>
<CodeBlocks_project_file>
	<FileVersion major="1" minor="6" />
	<Project>
		<Option title="darknet_ros" />
		<Option pch_mode="2" />
		<Option compiler="gcc" />
		<Build>
			<Target title="Debug">
				<Option output="build/darknet_ros" prefix_auto="1" extension_auto="1" />
				<Option object_output="obj/" />
				<Option type="1" />
				<Option compiler="gcc" />
				<Compiler>
					<Add option="-std=c++11" />
					<Add option="-Wall" />
					<Add option="-g" />
					<Add option="-DGPU" />
					<Add option="-DOPENCV" />
					<Add option="-DOPENCL" />
					<Add directory="../src" />
				</Compiler>
				<Linker>
					<Add library="darknet-cpp-shared" />
					<Add library="opencv_shape" />
					<Add library="opencv_stitching" />
					<Add library="opencv_superres" />
					<Add library="opencv_videostab" />
					<Add library="opencv_calib3d" />
					<Add library="opencv_features2d" />
					<Add library="opencv_objdetect" />
					<Add library="opencv_highgui" />
					<Add library="opencv_videoio" />
					<Add library="opencv_photo" />
					<Add library="opencv_imgcodecs" />
					<Add library="opencv_video" />
					<Add library="opencv_ml" />
					<Add library="opencv_imgproc" />
					<Add library="opencv_flann" />
					<Add library="opencv_viz" />
					<Add library="opencv_core" />
					<Add directory="../" />
					<Add directory="/usr/local/lib" />
				</Linker>
			</Target>
		</Build>
		<Compiler>
			<Add option="-Wall" />
		</Compiler>
		<Unit filename="mrs_detect.cpp" />
		<Unit filename="mrs_detect.h" />
		<Unit filename="ros_uav_detect.cpp" />
		<Unit filename="ros_uav_detect.h" />
		<Extensions>
			<code_completion />
			<debugger />
		</Extensions>
	</Project>
</CodeBlocks_project_file>
